
Microsoft Visual Studio Solution File, Format Version 12.00
# Visual Studio 2013
VisualStudioVersion = 12.0.30501.0
MinimumVisualStudioVersion = 10.0.40219.1
Project("{F2A71F9B-5D33-465A-A702-920D77279786}") = "FsDroneIOS", "FsDroneIOS\FsDroneIOS.fsproj", "{48683361-B713-4DAA-B071-A79FB4225957}"
EndProject
Project("{F2A71F9B-5D33-465A-A702-920D77279786}") = "FsDrone", "FsDrone\FsDrone.fsproj", "{0016DC27-BA5C-43F6-8BCB-624DC35F7736}"
EndProject
Project("{F2A71F9B-5D33-465A-A702-920D77279786}") = "FsDroneBase", "FsDroneBase\FsDroneBase.fsproj", "{B5839475-7FEA-4AF1-9E78-07A18E8BC7B8}"
EndProject
Project("{F2A71F9B-5D33-465A-A702-920D77279786}") = "FsDroneTest", "FsDroneTest\FsDroneTest.fsproj", "{52AB8614-579D-43CF-ABD1-A36FE5D94F9E}"
EndProject
Global
	GlobalSection(SolutionConfigurationPlatforms) = preSolution
		Ad-Hoc|Any CPU = Ad-Hoc|Any CPU
		Ad-Hoc|iPhone = Ad-Hoc|iPhone
		Ad-Hoc|iPhoneSimulator = Ad-Hoc|iPhoneSimulator
		Ad-Hoc|Mixed Platforms = Ad-Hoc|Mixed Platforms
		AppStore|Any CPU = AppStore|Any CPU
		AppStore|iPhone = AppStore|iPhone
		AppStore|iPhoneSimulator = AppStore|iPhoneSimulator
		AppStore|Mixed Platforms = AppStore|Mixed Platforms
		Debug|Any CPU = Debug|Any CPU
		Debug|iPhone = Debug|iPhone
		Debug|iPhoneSimulator = Debug|iPhoneSimulator
		Debug|Mixed Platforms = Debug|Mixed Platforms
		Release|Any CPU = Release|Any CPU
		Release|iPhone = Release|iPhone
		Release|iPhoneSimulator = Release|iPhoneSimulator
		Release|Mixed Platforms = Release|Mixed Platforms
	EndGlobalSection
	GlobalSection(ProjectConfigurationPlatforms) = postSolution
		{48683361-B713-4DAA-B071-A79FB4225957}.Ad-Hoc|Any CPU.ActiveCfg = Ad-Hoc|iPhone
		{48683361-B713-4DAA-B071-A79FB4225957}.Ad-Hoc|iPhone.ActiveCfg = Ad-Hoc|iPhone
		{48683361-B713-4DAA-B071-A79FB4225957}.Ad-Hoc|iPhone.Build.0 = Ad-Hoc|iPhone
		{48683361-B713-4DAA-B071-A79FB4225957}.Ad-Hoc|iPhoneSimulator.ActiveCfg = Ad-Hoc|iPhone
		{48683361-B713-4DAA-B071-A79FB4225957}.Ad-Hoc|Mixed Platforms.ActiveCfg = Ad-Hoc|iPhone
		{48683361-B713-4DAA-B071-A79FB4225957}.AppStore|Any CPU.ActiveCfg = AppStore|iPhone
		{48683361-B713-4DAA-B071-A79FB4225957}.AppStore|iPhone.ActiveCfg = AppStore|iPhone
		{48683361-B713-4DAA-B071-A79FB4225957}.AppStore|iPhone.Build.0 = AppStore|iPhone
		{48683361-B713-4DAA-B071-A79FB4225957}.AppStore|iPhoneSimulator.ActiveCfg = AppStore|iPhone
		{48683361-B713-4DAA-B071-A79FB4225957}.AppStore|Mixed Platforms.ActiveCfg = AppStore|iPhone
		{48683361-B713-4DAA-B071-A79FB4225957}.Debug|Any CPU.ActiveCfg = Debug|iPhoneSimulator
		{48683361-B713-4DAA-B071-A79FB4225957}.Debug|iPhone.ActiveCfg = Debug|iPhone
		{48683361-B713-4DAA-B071-A79FB4225957}.Debug|iPhone.Build.0 = Debug|iPhone
		{48683361-B713-4DAA-B071-A79FB4225957}.Debug|iPhoneSimulator.ActiveCfg = Debug|iPhoneSimulator
		{48683361-B713-4DAA-B071-A79FB4225957}.Debug|iPhoneSimulator.Build.0 = Debug|iPhoneSimulator
		{48683361-B713-4DAA-B071-A79FB4225957}.Debug|Mixed Platforms.ActiveCfg = Debug|iPhoneSimulator
		{48683361-B713-4DAA-B071-A79FB4225957}.Release|Any CPU.ActiveCfg = Release|iPhoneSimulator
		{48683361-B713-4DAA-B071-A79FB4225957}.Release|iPhone.ActiveCfg = Release|iPhone
		{48683361-B713-4DAA-B071-A79FB4225957}.Release|iPhone.Build.0 = Release|iPhone
		{48683361-B713-4DAA-B071-A79FB4225957}.Release|iPhoneSimulator.ActiveCfg = Release|iPhoneSimulator
		{48683361-B713-4DAA-B071-A79FB4225957}.Release|iPhoneSimulator.Build.0 = Release|iPhoneSimulator
		{48683361-B713-4DAA-B071-A79FB4225957}.Release|Mixed Platforms.ActiveCfg = Release|iPhoneSimulator
		{0016DC27-BA5C-43F6-8BCB-624DC35F7736}.Ad-Hoc|Any CPU.ActiveCfg = Debug|Any CPU
		{0016DC27-BA5C-43F6-8BCB-624DC35F7736}.Ad-Hoc|iPhone.ActiveCfg = Release|Any CPU
		{0016DC27-BA5C-43F6-8BCB-624DC35F7736}.Ad-Hoc|iPhone.Build.0 = Release|Any CPU
		{0016DC27-BA5C-43F6-8BCB-624DC35F7736}.Ad-Hoc|iPhoneSimulator.ActiveCfg = Debug|Any CPU
		{0016DC27-BA5C-43F6-8BCB-624DC35F7736}.Ad-Hoc|Mixed Platforms.ActiveCfg = Debug|Any CPU
		{0016DC27-BA5C-43F6-8BCB-624DC35F7736}.AppStore|Any CPU.ActiveCfg = Debug|Any CPU
		{0016DC27-BA5C-43F6-8BCB-624DC35F7736}.AppStore|iPhone.ActiveCfg = Release|Any CPU
		{0016DC27-BA5C-43F6-8BCB-624DC35F7736}.AppStore|iPhone.Build.0 = Release|Any CPU
		{0016DC27-BA5C-43F6-8BCB-624DC35F7736}.AppStore|iPhoneSimulator.ActiveCfg = Debug|Any CPU
		{0016DC27-BA5C-43F6-8BCB-624DC35F7736}.AppStore|Mixed Platforms.ActiveCfg = Debug|Any CPU
		{0016DC27-BA5C-43F6-8BCB-624DC35F7736}.Debug|Any CPU.ActiveCfg = Debug|Any CPU
		{0016DC27-BA5C-43F6-8BCB-624DC35F7736}.Debug|iPhone.ActiveCfg = Debug|Any CPU
		{0016DC27-BA5C-43F6-8BCB-624DC35F7736}.Debug|iPhone.Build.0 = Debug|Any CPU
		{0016DC27-BA5C-43F6-8BCB-624DC35F7736}.Debug|iPhoneSimulator.ActiveCfg = Debug|Any CPU
		{0016DC27-BA5C-43F6-8BCB-624DC35F7736}.Debug|iPhoneSimulator.Build.0 = Debug|Any CPU
		{0016DC27-BA5C-43F6-8BCB-624DC35F7736}.Debug|Mixed Platforms.ActiveCfg = Debug|Any CPU
		{0016DC27-BA5C-43F6-8BCB-624DC35F7736}.Release|Any CPU.ActiveCfg = Release|Any CPU
		{0016DC27-BA5C-43F6-8BCB-624DC35F7736}.Release|iPhone.ActiveCfg = Release|Any CPU
		{0016DC27-BA5C-43F6-8BCB-624DC35F7736}.Release|iPhone.Build.0 = Release|Any CPU
		{0016DC27-BA5C-43F6-8BCB-624DC35F7736}.Release|iPhoneSimulator.ActiveCfg = Release|Any CPU
		{0016DC27-BA5C-43F6-8BCB-624DC35F7736}.Release|iPhoneSimulator.Build.0 = Release|Any CPU
		{0016DC27-BA5C-43F6-8BCB-624DC35F7736}.Release|Mixed Platforms.ActiveCfg = Release|Any CPU
		{B5839475-7FEA-4AF1-9E78-07A18E8BC7B8}.Ad-Hoc|Any CPU.ActiveCfg = Debug|Any CPU
		{B5839475-7FEA-4AF1-9E78-07A18E8BC7B8}.Ad-Hoc|Any CPU.Build.0 = Debug|Any CPU
		{B5839475-7FEA-4AF1-9E78-07A18E8BC7B8}.Ad-Hoc|iPhone.ActiveCfg = Release|Any CPU
		{B5839475-7FEA-4AF1-9E78-07A18E8BC7B8}.Ad-Hoc|iPhoneSimulator.ActiveCfg = Release|Any CPU
		{B5839475-7FEA-4AF1-9E78-07A18E8BC7B8}.Ad-Hoc|Mixed Platforms.ActiveCfg = Debug|Any CPU
		{B5839475-7FEA-4AF1-9E78-07A18E8BC7B8}.Ad-Hoc|Mixed Platforms.Build.0 = Debug|Any CPU
		{B5839475-7FEA-4AF1-9E78-07A18E8BC7B8}.AppStore|Any CPU.ActiveCfg = Debug|Any CPU
		{B5839475-7FEA-4AF1-9E78-07A18E8BC7B8}.AppStore|Any CPU.Build.0 = Debug|Any CPU
		{B5839475-7FEA-4AF1-9E78-07A18E8BC7B8}.AppStore|iPhone.ActiveCfg = Release|Any CPU
		{B5839475-7FEA-4AF1-9E78-07A18E8BC7B8}.AppStore|iPhoneSimulator.ActiveCfg = Release|Any CPU
		{B5839475-7FEA-4AF1-9E78-07A18E8BC7B8}.AppStore|Mixed Platforms.ActiveCfg = Debug|Any CPU
		{B5839475-7FEA-4AF1-9E78-07A18E8BC7B8}.AppStore|Mixed Platforms.Build.0 = Debug|Any CPU
		{B5839475-7FEA-4AF1-9E78-07A18E8BC7B8}.Debug|Any CPU.ActiveCfg = Debug|Any CPU
		{B5839475-7FEA-4AF1-9E78-07A18E8BC7B8}.Debug|Any CPU.Build.0 = Debug|Any CPU
		{B5839475-7FEA-4AF1-9E78-07A18E8BC7B8}.Debug|iPhone.ActiveCfg = Debug|Any CPU
		{B5839475-7FEA-4AF1-9E78-07A18E8BC7B8}.Debug|iPhone.Build.0 = Debug|Any CPU
		{B5839475-7FEA-4AF1-9E78-07A18E8BC7B8}.Debug|iPhoneSimulator.ActiveCfg = Debug|Any CPU
		{B5839475-7FEA-4AF1-9E78-07A18E8BC7B8}.Debug|Mixed Platforms.ActiveCfg = Debug|Any CPU
		{B5839475-7FEA-4AF1-9E78-07A18E8BC7B8}.Debug|Mixed Platforms.Build.0 = Debug|Any CPU
		{B5839475-7FEA-4AF1-9E78-07A18E8BC7B8}.Release|Any CPU.ActiveCfg = Release|Any CPU
		{B5839475-7FEA-4AF1-9E78-07A18E8BC7B8}.Release|Any CPU.Build.0 = Release|Any CPU
		{B5839475-7FEA-4AF1-9E78-07A18E8BC7B8}.Release|iPhone.ActiveCfg = Release|Any CPU
		{B5839475-7FEA-4AF1-9E78-07A18E8BC7B8}.Release|iPhoneSimulator.ActiveCfg = Release|Any CPU
		{B5839475-7FEA-4AF1-9E78-07A18E8BC7B8}.Release|Mixed Platforms.ActiveCfg = Release|Any CPU
		{B5839475-7FEA-4AF1-9E78-07A18E8BC7B8}.Release|Mixed Platforms.Build.0 = Release|Any CPU
		{52AB8614-579D-43CF-ABD1-A36FE5D94F9E}.Ad-Hoc|Any CPU.ActiveCfg = Release|Any CPU
		{52AB8614-579D-43CF-ABD1-A36FE5D94F9E}.Ad-Hoc|Any CPU.Build.0 = Release|Any CPU
		{52AB8614-579D-43CF-ABD1-A36FE5D94F9E}.Ad-Hoc|iPhone.ActiveCfg = Release|Any CPU
		{52AB8614-579D-43CF-ABD1-A36FE5D94F9E}.Ad-Hoc|iPhoneSimulator.ActiveCfg = Release|Any CPU
		{52AB8614-579D-43CF-ABD1-A36FE5D94F9E}.Ad-Hoc|Mixed Platforms.ActiveCfg = Release|Any CPU
		{52AB8614-579D-43CF-ABD1-A36FE5D94F9E}.Ad-Hoc|Mixed Platforms.Build.0 = Release|Any CPU
		{52AB8614-579D-43CF-ABD1-A36FE5D94F9E}.AppStore|Any CPU.ActiveCfg = Release|Any CPU
		{52AB8614-579D-43CF-ABD1-A36FE5D94F9E}.AppStore|Any CPU.Build.0 = Release|Any CPU
		{52AB8614-579D-43CF-ABD1-A36FE5D94F9E}.AppStore|iPhone.ActiveCfg = Release|Any CPU
		{52AB8614-579D-43CF-ABD1-A36FE5D94F9E}.AppStore|iPhoneSimulator.ActiveCfg = Release|Any CPU
		{52AB8614-579D-43CF-ABD1-A36FE5D94F9E}.AppStore|Mixed Platforms.ActiveCfg = Release|Any CPU
		{52AB8614-579D-43CF-ABD1-A36FE5D94F9E}.AppStore|Mixed Platforms.Build.0 = Release|Any CPU
		{52AB8614-579D-43CF-ABD1-A36FE5D94F9E}.Debug|Any CPU.ActiveCfg = Debug|Any CPU
		{52AB8614-579D-43CF-ABD1-A36FE5D94F9E}.Debug|Any CPU.Build.0 = Debug|Any CPU
		{52AB8614-579D-43CF-ABD1-A36FE5D94F9E}.Debug|iPhone.ActiveCfg = Debug|Any CPU
		{52AB8614-579D-43CF-ABD1-A36FE5D94F9E}.Debug|iPhoneSimulator.ActiveCfg = Debug|Any CPU
		{52AB8614-579D-43CF-ABD1-A36FE5D94F9E}.Debug|Mixed Platforms.ActiveCfg = Debug|Any CPU
		{52AB8614-579D-43CF-ABD1-A36FE5D94F9E}.Debug|Mixed Platforms.Build.0 = Debug|Any CPU
		{52AB8614-579D-43CF-ABD1-A36FE5D94F9E}.Release|Any CPU.ActiveCfg = Release|Any CPU
		{52AB8614-579D-43CF-ABD1-A36FE5D94F9E}.Release|Any CPU.Build.0 = Release|Any CPU
		{52AB8614-579D-43CF-ABD1-A36FE5D94F9E}.Release|iPhone.ActiveCfg = Release|Any CPU
		{52AB8614-579D-43CF-ABD1-A36FE5D94F9E}.Release|iPhoneSimulator.ActiveCfg = Release|Any CPU
		{52AB8614-579D-43CF-ABD1-A36FE5D94F9E}.Release|Mixed Platforms.ActiveCfg = Release|Any CPU
		{52AB8614-579D-43CF-ABD1-A36FE5D94F9E}.Release|Mixed Platforms.Build.0 = Release|Any CPU
	EndGlobalSection
	GlobalSection(SolutionProperties) = preSolution
		HideSolutionNode = FALSE
	EndGlobalSection
	GlobalSection(MonoDevelopProperties) = preSolution
		StartupItem = FsDroneIOS\FsDroneIOS.fsproj
	EndGlobalSection
EndGlobal
